
Microsoft Visual Studio Solution File, Format Version 12.00
# Visual Studio Version 17
VisualStudioVersion = 17.8.34525.116
MinimumVisualStudioVersion = 10.0.40219.1
Project("{FAE04EC0-301F-11D3-BF4B-00C04F79EFBC}") = "Examen", "Examen\Examen.csproj", "{7EB07242-F23D-44F1-AFA6-E17B4CF20710}"
EndProject
Global
	GlobalSection(SolutionConfigurationPlatforms) = preSolution
		Debug|Any CPU = Debug|Any CPU
		Release|Any CPU = Release|Any CPU
	EndGlobalSection
	GlobalSection(ProjectConfigurationPlatforms) = postSolution
		{7EB07242-F23D-44F1-AFA6-E17B4CF20710}.Debug|Any CPU.ActiveCfg = Debug|Any CPU
		{7EB07242-F23D-44F1-AFA6-E17B4CF20710}.Debug|Any CPU.Build.0 = Debug|Any CPU
		{7EB07242-F23D-44F1-AFA6-E17B4CF20710}.Release|Any CPU.ActiveCfg = Release|Any CPU
		{7EB07242-F23D-44F1-AFA6-E17B4CF20710}.Release|Any CPU.Build.0 = Release|Any CPU
	EndGlobalSection
	GlobalSection(SolutionProperties) = preSolution
		HideSolutionNode = FALSE
	EndGlobalSection
	GlobalSection(ExtensibilityGlobals) = postSolution
		SolutionGuid = {FA6A061E-B240-4535-A50B-913A26D3E81E}
	EndGlobalSection
EndGlobal
